
Microsoft Visual Studio Solution File, Format Version 12.00
# Visual Studio 2012
Project("{FAE04EC0-301F-11D3-BF4B-00C04F79EFBC}") = "Coding.Solution", "Coding.Solution\Coding.Solution.csproj", "{210CFFF0-B9BC-4394-B590-EB5E6634E50C}"
EndProject
Project("{FAE04EC0-301F-11D3-BF4B-00C04F79EFBC}") = "Coding.Solution.Test", "Coding.Solution.Test\Coding.Solution.Test.csproj", "{9C85D618-9396-4FD4-A989-CE29EDF6B6BB}"
EndProject
Global
	GlobalSection(SolutionConfigurationPlatforms) = preSolution
		Debug|Any CPU = Debug|Any CPU
		Release|Any CPU = Release|Any CPU
	EndGlobalSection
	GlobalSection(ProjectConfigurationPlatforms) = postSolution
		{210CFFF0-B9BC-4394-B590-EB5E6634E50C}.Debug|Any CPU.ActiveCfg = Debug|Any CPU
		{210CFFF0-B9BC-4394-B590-EB5E6634E50C}.Debug|Any CPU.Build.0 = Debug|Any CPU
		{210CFFF0-B9BC-4394-B590-EB5E6634E50C}.Release|Any CPU.ActiveCfg = Release|Any CPU
		{210CFFF0-B9BC-4394-B590-EB5E6634E50C}.Release|Any CPU.Build.0 = Release|Any CPU
		{9C85D618-9396-4FD4-A989-CE29EDF6B6BB}.Debug|Any CPU.ActiveCfg = Debug|Any CPU
		{9C85D618-9396-4FD4-A989-CE29EDF6B6BB}.Debug|Any CPU.Build.0 = Debug|Any CPU
		{9C85D618-9396-4FD4-A989-CE29EDF6B6BB}.Release|Any CPU.ActiveCfg = Release|Any CPU
		{9C85D618-9396-4FD4-A989-CE29EDF6B6BB}.Release|Any CPU.Build.0 = Release|Any CPU
	EndGlobalSection
	GlobalSection(SolutionProperties) = preSolution
		HideSolutionNode = FALSE
	EndGlobalSection
EndGlobal
